
Microsoft Visual Studio Solution File, Format Version 12.00
# Visual Studio Version 16
VisualStudioVersion = 16.0.31605.320
MinimumVisualStudioVersion = 10.0.40219.1
Project("{FAE04EC0-301F-11D3-BF4B-00C04F79EFBC}") = "dotnet-core-interview", "dotnet-core-interview.csproj", "{4A729138-B3BF-49F3-A536-4DABE9FBA842}"
EndProject
Project("{FAE04EC0-301F-11D3-BF4B-00C04F79EFBC}") = "dotnet-core-interview.tests", "..\dotnet-core-interview.tests\dotnet-core-interview.tests.csproj", "{2D894EC7-4FF1-41E6-A68B-FA6D298DD2E9}"
EndProject
Project("{2150E333-8FDC-42A3-9474-1A3956D46DE8}") = "Solution Items", "Solution Items", "{E2C4BE78-A2D2-4D2B-9ADC-8ED0F96B1B29}"
	ProjectSection(SolutionItems) = preProject
		..\.gitignore = ..\.gitignore
		..\README.md = ..\README.md
	EndProjectSection
EndProject
Global
	GlobalSection(SolutionConfigurationPlatforms) = preSolution
		Debug|Any CPU = Debug|Any CPU
		Release|Any CPU = Release|Any CPU
	EndGlobalSection
	GlobalSection(ProjectConfigurationPlatforms) = postSolution
		{4A729138-B3BF-49F3-A536-4DABE9FBA842}.Debug|Any CPU.ActiveCfg = Debug|Any CPU
		{4A729138-B3BF-49F3-A536-4DABE9FBA842}.Debug|Any CPU.Build.0 = Debug|Any CPU
		{4A729138-B3BF-49F3-A536-4DABE9FBA842}.Release|Any CPU.ActiveCfg = Release|Any CPU
		{4A729138-B3BF-49F3-A536-4DABE9FBA842}.Release|Any CPU.Build.0 = Release|Any CPU
		{2D894EC7-4FF1-41E6-A68B-FA6D298DD2E9}.Debug|Any CPU.ActiveCfg = Debug|Any CPU
		{2D894EC7-4FF1-41E6-A68B-FA6D298DD2E9}.Debug|Any CPU.Build.0 = Debug|Any CPU
		{2D894EC7-4FF1-41E6-A68B-FA6D298DD2E9}.Release|Any CPU.ActiveCfg = Release|Any CPU
		{2D894EC7-4FF1-41E6-A68B-FA6D298DD2E9}.Release|Any CPU.Build.0 = Release|Any CPU
	EndGlobalSection
	GlobalSection(SolutionProperties) = preSolution
		HideSolutionNode = FALSE
	EndGlobalSection
	GlobalSection(ExtensibilityGlobals) = postSolution
		SolutionGuid = {D174140E-AC81-4C4A-8EBE-90C82073309F}
	EndGlobalSection
EndGlobal
